
Microsoft Visual Studio Solution File, Format Version 12.00
# Visual Studio 2013
VisualStudioVersion = 12.0.30110.0
MinimumVisualStudioVersion = 10.0.40219.1
Project("{8BC9CEB8-8B4A-11D0-8D11-00A0C91BC942}") = "BTree", "BTree\BTree.vcxproj", "{4C2B68E2-0E61-4554-B4F2-A85376641C5E}"
EndProject
Global
	GlobalSection(SolutionConfigurationPlatforms) = preSolution
		Debug|Win32 = Debug|Win32
		Release|Win32 = Release|Win32
	EndGlobalSection
	GlobalSection(ProjectConfigurationPlatforms) = postSolution
		{4C2B68E2-0E61-4554-B4F2-A85376641C5E}.Debug|Win32.ActiveCfg = Debug|Win32
		{4C2B68E2-0E61-4554-B4F2-A85376641C5E}.Debug|Win32.Build.0 = Debug|Win32
		{4C2B68E2-0E61-4554-B4F2-A85376641C5E}.Release|Win32.ActiveCfg = Release|Win32
		{4C2B68E2-0E61-4554-B4F2-A85376641C5E}.Release|Win32.Build.0 = Release|Win32
	EndGlobalSection
	GlobalSection(SolutionProperties) = preSolution
		HideSolutionNode = FALSE
	EndGlobalSection
EndGlobal
